
Microsoft Visual Studio Solution File, Format Version 12.00
# Visual Studio Version 17
VisualStudioVersion = 17.10.35027.167
MinimumVisualStudioVersion = 10.0.40219.1
Project("{FAE04EC0-301F-11D3-BF4B-00C04F79EFBC}") = "SistemaInventario", "SistemaInventario\SistemaInventario.csproj", "{47F5DB20-9CFB-48EE-B6C8-190B73FAB8BC}"
EndProject
Global
	GlobalSection(SolutionConfigurationPlatforms) = preSolution
		Debug|Any CPU = Debug|Any CPU
		Release|Any CPU = Release|Any CPU
	EndGlobalSection
	GlobalSection(ProjectConfigurationPlatforms) = postSolution
		{47F5DB20-9CFB-48EE-B6C8-190B73FAB8BC}.Debug|Any CPU.ActiveCfg = Debug|Any CPU
		{47F5DB20-9CFB-48EE-B6C8-190B73FAB8BC}.Debug|Any CPU.Build.0 = Debug|Any CPU
		{47F5DB20-9CFB-48EE-B6C8-190B73FAB8BC}.Release|Any CPU.ActiveCfg = Release|Any CPU
		{47F5DB20-9CFB-48EE-B6C8-190B73FAB8BC}.Release|Any CPU.Build.0 = Release|Any CPU
	EndGlobalSection
	GlobalSection(SolutionProperties) = preSolution
		HideSolutionNode = FALSE
	EndGlobalSection
	GlobalSection(ExtensibilityGlobals) = postSolution
		SolutionGuid = {7B13B409-C6C3-4B75-832A-D6F9C2224F3B}
	EndGlobalSection
EndGlobal
